
Microsoft Visual Studio Solution File, Format Version 12.00
# Visual Studio 15
VisualStudioVersion = 15.0.28010.2041
MinimumVisualStudioVersion = 10.0.40219.1
Project("{FAE04EC0-301F-11D3-BF4B-00C04F79EFBC}") = "API", "API\API.csproj", "{4161D984-5B29-44E6-9A58-6DE212DB6A6F}"
EndProject
Project("{FAE04EC0-301F-11D3-BF4B-00C04F79EFBC}") = "DAL", "DAL\DAL.csproj", "{19C37018-D559-487A-9374-332002C9E2DC}"
EndProject
Project("{FAE04EC0-301F-11D3-BF4B-00C04F79EFBC}") = "BL", "BL\BL.csproj", "{A2390FD2-475B-4491-81B1-6154087A4695}"
EndProject
Project("{FAE04EC0-301F-11D3-BF4B-00C04F79EFBC}") = "DTO", "DTO\DTO.csproj", "{3CB91353-C576-4052-81C6-A3B826386B7F}"
EndProject
Global
	GlobalSection(SolutionConfigurationPlatforms) = preSolution
		Debug|Any CPU = Debug|Any CPU
		Release|Any CPU = Release|Any CPU
	EndGlobalSection
	GlobalSection(ProjectConfigurationPlatforms) = postSolution
		{4161D984-5B29-44E6-9A58-6DE212DB6A6F}.Debug|Any CPU.ActiveCfg = Debug|Any CPU
		{4161D984-5B29-44E6-9A58-6DE212DB6A6F}.Debug|Any CPU.Build.0 = Debug|Any CPU
		{4161D984-5B29-44E6-9A58-6DE212DB6A6F}.Release|Any CPU.ActiveCfg = Release|Any CPU
		{4161D984-5B29-44E6-9A58-6DE212DB6A6F}.Release|Any CPU.Build.0 = Release|Any CPU
		{19C37018-D559-487A-9374-332002C9E2DC}.Debug|Any CPU.ActiveCfg = Debug|Any CPU
		{19C37018-D559-487A-9374-332002C9E2DC}.Debug|Any CPU.Build.0 = Debug|Any CPU
		{19C37018-D559-487A-9374-332002C9E2DC}.Release|Any CPU.ActiveCfg = Release|Any CPU
		{19C37018-D559-487A-9374-332002C9E2DC}.Release|Any CPU.Build.0 = Release|Any CPU
		{A2390FD2-475B-4491-81B1-6154087A4695}.Debug|Any CPU.ActiveCfg = Debug|Any CPU
		{A2390FD2-475B-4491-81B1-6154087A4695}.Debug|Any CPU.Build.0 = Debug|Any CPU
		{A2390FD2-475B-4491-81B1-6154087A4695}.Release|Any CPU.ActiveCfg = Release|Any CPU
		{A2390FD2-475B-4491-81B1-6154087A4695}.Release|Any CPU.Build.0 = Release|Any CPU
		{3CB91353-C576-4052-81C6-A3B826386B7F}.Debug|Any CPU.ActiveCfg = Debug|Any CPU
		{3CB91353-C576-4052-81C6-A3B826386B7F}.Debug|Any CPU.Build.0 = Debug|Any CPU
		{3CB91353-C576-4052-81C6-A3B826386B7F}.Release|Any CPU.ActiveCfg = Release|Any CPU
		{3CB91353-C576-4052-81C6-A3B826386B7F}.Release|Any CPU.Build.0 = Release|Any CPU
	EndGlobalSection
	GlobalSection(SolutionProperties) = preSolution
		HideSolutionNode = FALSE
	EndGlobalSection
	GlobalSection(ExtensibilityGlobals) = postSolution
		SolutionGuid = {D5991B69-F711-484F-92F9-17C1DA05553F}
	EndGlobalSection
EndGlobal
